// !$*UTF8*$!
{
	archiveVersion = 1;
	classes = {
	};
	objectVersion = 50;
	objects = {

/* Begin PBXBuildFile section */
		550777C820DE49F10011D5A0 /* AppDelegate.m in Sources */ = {isa = PBXBuildFile; fileRef = 550777C720DE49F10011D5A0 /* AppDelegate.m */; };
		550777CB20DE49F10011D5A0 /* ViewController.m in Sources */ = {isa = PBXBuildFile; fileRef = 550777CA20DE49F10011D5A0 /* ViewController.m */; };
		550777CE20DE49F10011D5A0 /* Main.storyboard in Resources */ = {isa = PBXBuildFile; fileRef = 550777CC20DE49F10011D5A0 /* Main.storyboard */; };
		550777D020DE49F30011D5A0 /* Assets.xcassets in Resources */ = {isa = PBXBuildFile; fileRef = 550777CF20DE49F30011D5A0 /* Assets.xcassets */; };
		550777D320DE49F30011D5A0 /* LaunchScreen.storyboard in Resources */ = {isa = PBXBuildFile; fileRef = 550777D120DE49F30011D5A0 /* LaunchScreen.storyboard */; };
		550777D620DE49F30011D5A0 /* main.m in Sources */ = {isa = PBXBuildFile; fileRef = 550777D520DE49F30011D5A0 /* main.m */; };
		550777E020DE49F30011D5A0 /* testTests.m in Sources */ = {isa = PBXBuildFile; fileRef = 550777DF20DE49F30011D5A0 /* testTests.m */; };
		550777EB20DE49F30011D5A0 /* testUITests.m in Sources */ = {isa = PBXBuildFile; fileRef = 550777EA20DE49F30011D5A0 /* testUITests.m */; };
/* End PBXBuildFile section */

/* Begin PBXContainerItemProxy section */
		550777DC20DE49F30011D5A0 /* PBXContainerItemProxy */ = {
			isa = PBXContainerItemProxy;
			containerPortal = 550777BB20DE49F10011D5A0 /* Project object */;
			proxyType = 1;
			remoteGlobalIDString = 550777C220DE49F10011D5A0;
			remoteInfo = test;
		};
		550777E720DE49F30011D5A0 /* PBXContainerItemProxy */ = {
			isa = PBXContainerItemProxy;
			containerPortal = 550777BB20DE49F10011D5A0 /* Project object */;
			proxyType = 1;
			remoteGlobalIDString = 550777C220DE49F10011D5A0;
			remoteInfo = test;
		};
/* End PBXContainerItemProxy section */

/* Begin PBXFileReference section */
		550777C320DE49F10011D5A0 /* test.app */ = {isa = PBXFileReference; explicitFileType = wrapper.application; includeInIndex = 0; path = test.app; sourceTree = BUILT_PRODUCTS_DIR; };
		550777C620DE49F10011D5A0 /* AppDelegate.h */ = {isa = PBXFileReference; lastKnownFileType = sourcecode.c.h; path = AppDelegate.h; sourceTree = "<group>"; };
		550777C720DE49F10011D5A0 /* AppDelegate.m */ = {isa = PBXFileReference; lastKnownFileType = sourcecode.c.objc; path = AppDelegate.m; sourceTree = "<group>"; };
		550777C920DE49F10011D5A0 /* ViewController.h */ = {isa = PBXFileReference; lastKnownFileType = sourcecode.c.h; path = ViewController.h; sourceTree = "<group>"; };
		550777CA20DE49F10011D5A0 /* ViewController.m */ = {isa = PBXFileReference; lastKnownFileType = sourcecode.c.objc; path = ViewController.m; sourceTree = "<group>"; };
		550777CD20DE49F10011D5A0 /* Base */ = {isa = PBXFileReference; lastKnownFileType = file.storyboard; name = Base; path = Base.lproj/Main.storyboard; sourceTree = "<group>"; };
		550777CF20DE49F30011D5A0 /* Assets.xcassets */ = {isa = PBXFileReference; lastKnownFileType = folder.assetcatalog; path = Assets.xcassets; sourceTree = "<group>"; };
		550777D220DE49F30011D5A0 /* Base */ = {isa = PBXFileReference; lastKnownFileType = file.storyboard; name = Base; path = Base.lproj/LaunchScreen.storyboard; sourceTree = "<group>"; };
		550777D420DE49F30011D5A0 /* Info.plist */ = {isa = PBXFileReference; lastKnownFileType = text.plist.xml; path = Info.plist; sourceTree = "<group>"; };
		550777D520DE49F30011D5A0 /* main.m */ = {isa = PBXFileReference; lastKnownFileType = sourcecode.c.objc; path = main.m; sourceTree = "<group>"; };
		550777DB20DE49F30011D5A0 /* testTests.xctest */ = {isa = PBXFileReference; explicitFileType = wrapper.cfbundle; includeInIndex = 0; path = testTests.xctest; sourceTree = BUILT_PRODUCTS_DIR; };
		550777DF20DE49F30011D5A0 /* testTests.m */ = {isa = PBXFileReference; lastKnownFileType = sourcecode.c.objc; path = testTests.m; sourceTree = "<group>"; };
		550777E120DE49F30011D5A0 /* Info.plist */ = {isa = PBXFileReference; lastKnownFileType = text.plist.xml; path = Info.plist; sourceTree = "<group>"; };
		550777E620DE49F30011D5A0 /* testUITests.xctest */ = {isa = PBXFileReference; explicitFileType = wrapper.cfbundle; includeInIndex = 0; path = testUITests.xctest; sourceTree = BUILT_PRODUCTS_DIR; };
		550777EA20DE49F30011D5A0 /* testUITests.m */ = {isa = PBXFileReference; lastKnownFileType = sourcecode.c.objc; path = testUITests.m; sourceTree = "<group>"; };
		550777EC20DE49F30011D5A0 /* Info.plist */ = {isa = PBXFileReference; lastKnownFileType = text.plist.xml; path = Info.plist; sourceTree = "<group>"; };
/* End PBXFileReference section */

/* Begin PBXFrameworksBuildPhase section */
		550777C020DE49F10011D5A0 /* Frameworks */ = {
			isa = PBXFrameworksBuildPhase;
			buildActionMask = 2147483647;
			files = (
			);
			runOnlyForDeploymentPostprocessing = 0;
		};
		550777D820DE49F30011D5A0 /* Frameworks */ = {
			isa = PBXFrameworksBuildPhase;
			buildActionMask = 2147483647;
			files = (
			);
			runOnlyForDeploymentPostprocessing = 0;
		};
		550777E320DE49F30011D5A0 /* Frameworks */ = {
			isa = PBXFrameworksBuildPhase;
			buildActionMask = 2147483647;
			files = (
			);
			runOnlyForDeploymentPostprocessing = 0;
		};
/* End PBXFrameworksBuildPhase section */

/* Begin PBXGroup section */
		550777BA20DE49F10011D5A0 = {
			isa = PBXGroup;
			children = (
				550777C520DE49F10011D5A0 /* test */,
				550777DE20DE49F30011D5A0 /* testTests */,
				550777E920DE49F30011D5A0 /* testUITests */,
				550777C420DE49F10011D5A0 /* Products */,
			);
			sourceTree = "<group>";
		};
		550777C420DE49F10011D5A0 /* Products */ = {
			isa = PBXGroup;
			children = (
				550777C320DE49F10011D5A0 /* test.app */,
				550777DB20DE49F30011D5A0 /* testTests.xctest */,
				550777E620DE49F30011D5A0 /* testUITests.xctest */,
			);
			name = Products;
			sourceTree = "<group>";
		};
		550777C520DE49F10011D5A0 /* test */ = {
			isa = PBXGroup;
			children = (
				550777C620DE49F10011D5A0 /* AppDelegate.h */,
				550777C720DE49F10011D5A0 /* AppDelegate.m */,
				550777C920DE49F10011D5A0 /* ViewController.h */,
				550777CA20DE49F10011D5A0 /* ViewController.m */,
				550777CC20DE49F10011D5A0 /* Main.storyboard */,
				550777CF20DE49F30011D5A0 /* Assets.xcassets */,
				550777D120DE49F30011D5A0 /* LaunchScreen.storyboard */,
				550777D420DE49F30011D5A0 /* Info.plist */,
				550777D520DE49F30011D5A0 /* main.m */,
			);
			path = test;
			sourceTree = "<group>";
		};
		550777DE20DE49F30011D5A0 /* testTests */ = {
			isa = PBXGroup;
			children = (
				550777DF20DE49F30011D5A0 /* testTests.m */,
				550777E120DE49F30011D5A0 /* Info.plist */,
			);
			path = testTests;
			sourceTree = "<group>";
		};
		550777E920DE49F30011D5A0 /* testUITests */ = {
			isa = PBXGroup;
			children = (
				550777EA20DE49F30011D5A0 /* testUITests.m */,
				550777EC20DE49F30011D5A0 /* Info.plist */,
			);
			path = testUITests;
			sourceTree = "<group>";
		};
/* End PBXGroup section */

/* Begin PBXNativeTarget section */
		550777C220DE49F10011D5A0 /* test */ = {
			isa = PBXNativeTarget;
			buildConfigurationList = 550777EF20DE49F30011D5A0 /* Build configuration list for PBXNativeTarget "test" */;
			buildPhases = (
				550777BF20DE49F10011D5A0 /* Sources */,
				550777C020DE49F10011D5A0 /* Frameworks */,
				550777C120DE49F10011D5A0 /* Resources */,
			);
			buildRules = (
			);
			dependencies = (
			);
			name = test;
			productName = test;
			productReference = 550777C320DE49F10011D5A0 /* test.app */;
			productType = "com.apple.product-type.application";
		};
		550777DA20DE49F30011D5A0 /* testTests */ = {
			isa = PBXNativeTarget;
			buildConfigurationList = 550777F220DE49F30011D5A0 /* Build configuration list for PBXNativeTarget "testTests" */;
			buildPhases = (
				550777D720DE49F30011D5A0 /* Sources */,
				550777D820DE49F30011D5A0 /* Frameworks */,
				550777D920DE49F30011D5A0 /* Resources */,
			);
			buildRules = (
			);
			dependencies = (
				550777DD20DE49F30011D5A0 /* PBXTargetDependency */,
			);
			name = testTests;
			productName = testTests;
			productReference = 550777DB20DE49F30011D5A0 /* testTests.xctest */;
			productType = "com.apple.product-type.bundle.unit-test";
		};
		550777E520DE49F30011D5A0 /* testUITests */ = {
			isa = PBXNativeTarget;
			buildConfigurationList = 550777F520DE49F30011D5A0 /* Build configuration list for PBXNativeTarget "testUITests" */;
			buildPhases = (
				550777E220DE49F30011D5A0 /* Sources */,
				550777E320DE49F30011D5A0 /* Frameworks */,
				550777E420DE49F30011D5A0 /* Resources */,
			);
			buildRules = (
			);
			dependencies = (
				550777E820DE49F30011D5A0 /* PBXTargetDependency */,
			);
			name = testUITests;
			productName = testUITests;
			productReference = 550777E620DE49F30011D5A0 /* testUITests.xctest */;
			productType = "com.apple.product-type.bundle.ui-testing";
		};
/* End PBXNativeTarget section */

/* Begin PBXProject section */
		550777BB20DE49F10011D5A0 /* Project object */ = {
			isa = PBXProject;
			attributes = {
				LastUpgradeCheck = 0940;
				ORGANIZATIONNAME = "王海波";
				TargetAttributes = {
					550777C220DE49F10011D5A0 = {
						CreatedOnToolsVersion = 9.4;
					};
					550777DA20DE49F30011D5A0 = {
						CreatedOnToolsVersion = 9.4;
						TestTargetID = 550777C220DE49F10011D5A0;
					};
					550777E520DE49F30011D5A0 = {
						CreatedOnToolsVersion = 9.4;
						TestTargetID = 550777C220DE49F10011D5A0;
					};
				};
			};
			buildConfigurationList = 550777BE20DE49F10011D5A0 /* Build configuration list for PBXProject "test" */;
			compatibilityVersion = "Xcode 9.3";
			developmentRegion = en;
			hasScannedForEncodings = 0;
			knownRegions = (
				en,
				Base,
			);
			mainGroup = 550777BA20DE49F10011D5A0;
			productRefGroup = 550777C420DE49F10011D5A0 /* Products */;
			projectDirPath = "";
			projectRoot = "";
			targets = (
				550777C220DE49F10011D5A0 /* test */,
				550777DA20DE49F30011D5A0 /* testTests */,
				550777E520DE49F30011D5A0 /* testUITests */,
			);
		};
/* End PBXProject section */

/* Begin PBXResourcesBuildPhase section */
		550777C120DE49F10011D5A0 /* Resources */ = {
			isa = PBXResourcesBuildPhase;
			buildActionMask = 2147483647;
			files = (
				550777D320DE49F30011D5A0 /* LaunchScreen.storyboard in Resources */,
				550777D020DE49F30011D5A0 /* Assets.xcassets in Resources */,
				550777CE20DE49F10011D5A0 /* Main.storyboard in Resources */,
			);
			runOnlyForDeploymentPostprocessing = 0;
		};
		550777D920DE49F30011D5A0 /* Resources */ = {
			isa = PBXResourcesBuildPhase;
			buildActionMask = 2147483647;
			files = (
			);
			runOnlyForDeploymentPostprocessing = 0;
		};
		550777E420DE49F30011D5A0 /* Resources */ = {
			isa = PBXResourcesBuildPhase;
			buildActionMask = 2147483647;
			files = (
			);
			runOnlyForDeploymentPostprocessing = 0;
		};
/* End PBXResourcesBuildPhase section */

/* Begin PBXSourcesBuildPhase section */
		550777BF20DE49F10011D5A0 /* Sources */ = {
			isa = PBXSourcesBuildPhase;
			buildActionMask = 2147483647;
			files = (
				550777CB20DE49F10011D5A0 /* ViewController.m in Sources */,
				550777D620DE49F30011D5A0 /* main.m in Sources */,
				550777C820DE49F10011D5A0 /* AppDelegate.m in Sources */,
			);
			runOnlyForDeploymentPostprocessing = 0;
		};
		550777D720DE49F30011D5A0 /* Sources */ = {
			isa = PBXSourcesBuildPhase;
			buildActionMask = 2147483647;
			files = (
				550777E020DE49F30011D5A0 /* testTests.m in Sources */,
			);
			runOnlyForDeploymentPostprocessing = 0;
		};
		550777E220DE49F30011D5A0 /* Sources */ = {
			isa = PBXSourcesBuildPhase;
			buildActionMask = 2147483647;
			files = (
				550777EB20DE49F30011D5A0 /* testUITests.m in Sources */,
			);
			runOnlyForDeploymentPostprocessing = 0;
		};
/* End PBXSourcesBuildPhase section */

/* Begin PBXTargetDependency section */
		550777DD20DE49F30011D5A0 /* PBXTargetDependency */ = {
			isa = PBXTargetDependency;
			target = 550777C220DE49F10011D5A0 /* test */;
			targetProxy = 550777DC20DE49F30011D5A0 /* PBXContainerItemProxy */;
		};
		550777E820DE49F30011D5A0 /* PBXTargetDependency */ = {
			isa = PBXTargetDependency;
			target = 550777C220DE49F10011D5A0 /* test */;
			targetProxy = 550777E720DE49F30011D5A0 /* PBXContainerItemProxy */;
		};
/* End PBXTargetDependency section */

/* Begin PBXVariantGroup section */
		550777CC20DE49F10011D5A0 /* Main.storyboard */ = {
			isa = PBXVariantGroup;
			children = (
				550777CD20DE49F10011D5A0 /* Base */,
			);
			name = Main.storyboard;
			sourceTree = "<group>";
		};
		550777D120DE49F30011D5A0 /* LaunchScreen.storyboard */ = {
			isa = PBXVariantGroup;
			children = (
				550777D220DE49F30011D5A0 /* Base */,
			);
			name = LaunchScreen.storyboard;
			sourceTree = "<group>";
		};
/* End PBXVariantGroup section */

/* Begin XCBuildConfiguration section */
		550777ED20DE49F30011D5A0 /* Debug */ = {
			isa = XCBuildConfiguration;
			buildSettings = {
				ALWAYS_SEARCH_USER_PATHS = NO;
				CLANG_ANALYZER_NONNULL = YES;
				CLANG_ANALYZER_NUMBER_OBJECT_CONVERSION = YES_AGGRESSIVE;
				CLANG_CXX_LANGUAGE_STANDARD = "gnu++14";
				CLANG_CXX_LIBRARY = "libc++";
				CLANG_ENABLE_MODULES = YES;
				CLANG_ENABLE_OBJC_ARC = YES;
				CLANG_ENABLE_OBJC_WEAK = YES;
				CLANG_WARN_BLOCK_CAPTURE_AUTORELEASING = YES;
				CLANG_WARN_BOOL_CONVERSION = YES;
				CLANG_WARN_COMMA = YES;
				CLANG_WARN_CONSTANT_CONVERSION = YES;
				CLANG_WARN_DEPRECATED_OBJC_IMPLEMENTATIONS = YES;
				CLANG_WARN_DIRECT_OBJC_ISA_USAGE = YES_ERROR;
				CLANG_WARN_DOCUMENTATION_COMMENTS = YES;
				CLANG_WARN_EMPTY_BODY = YES;
				CLANG_WARN_ENUM_CONVERSION = YES;
				CLANG_WARN_INFINITE_RECURSION = YES;
				CLANG_WARN_INT_CONVERSION = YES;
				CLANG_WARN_NON_LITERAL_NULL_CONVERSION = YES;
				CLANG_WARN_OBJC_IMPLICIT_RETAIN_SELF = YES;
				CLANG_WARN_OBJC_LITERAL_CONVERSION = YES;
				CLANG_WARN_OBJC_ROOT_CLASS = YES_ERROR;
				CLANG_WARN_RANGE_LOOP_ANALYSIS = YES;
				CLANG_WARN_STRICT_PROTOTYPES = YES;
				CLANG_WARN_SUSPICIOUS_MOVE = YES;
				CLANG_WARN_UNGUARDED_AVAILABILITY = YES_AGGRESSIVE;
				CLANG_WARN_UNREACHABLE_CODE = YES;
				CLANG_WARN__DUPLICATE_METHOD_MATCH = YES;
				CODE_SIGN_IDENTITY = "iPhone Developer";
				COPY_PHASE_STRIP = NO;
				DEBUG_INFORMATION_FORMAT = dwarf;
				ENABLE_STRICT_OBJC_MSGSEND = YES;
				ENABLE_TESTABILITY = YES;
				GCC_C_LANGUAGE_STANDARD = gnu11;
				GCC_DYNAMIC_NO_PIC = NO;
				GCC_NO_COMMON_BLOCKS = YES;
				GCC_OPTIMIZATION_LEVEL = 0;
				GCC_PREPROCESSOR_DEFINITIONS = (
					"DEBUG=1",
					"$(inherited)",
				);
				GCC_WARN_64_TO_32_BIT_CONVERSION = YES;
				GCC_WARN_ABOUT_RETURN_TYPE = YES_ERROR;
				GCC_WARN_UNDECLARED_SELECTOR = YES;
				GCC_WARN_UNINITIALIZED_AUTOS = YES_AGGRESSIVE;
				GCC_WARN_UNUSED_FUNCTION = YES;
				GCC_WARN_UNUSED_VARIABLE = YES;
				IPHONEOS_DEPLOYMENT_TARGET = 11.4;
				MTL_ENABLE_DEBUG_INFO = YES;
				ONLY_ACTIVE_ARCH = YES;
				SDKROOT = iphoneos;
			};
			name = Debug;
		};
		550777EE20DE49F30011D5A0 /* Release */ = {
			isa = XCBuildConfiguration;
			buildSettings = {
				ALWAYS_SEARCH_USER_PATHS = NO;
				CLANG_ANALYZER_NONNULL = YES;
				CLANG_ANALYZER_NUMBER_OBJECT_CONVERSION = YES_AGGRESSIVE;
				CLANG_CXX_LANGUAGE_STANDARD = "gnu++14";
				CLANG_CXX_LIBRARY = "libc++";
				CLANG_ENABLE_MODULES = YES;
				CLANG_ENABLE_OBJC_ARC = YES;
				CLANG_ENABLE_OBJC_WEAK = YES;
				CLANG_WARN_BLOCK_CAPTURE_AUTORELEASING = YES;
				CLANG_WARN_BOOL_CONVERSION = YES;
				CLANG_WARN_COMMA = YES;
				CLANG_WARN_CONSTANT_CONVERSION = YES;
				CLANG_WARN_DEPRECATED_OBJC_IMPLEMENTATIONS = YES;
				CLANG_WARN_DIRECT_OBJC_ISA_USAGE = YES_ERROR;
				CLANG_WARN_DOCUMENTATION_COMMENTS = YES;
				CLANG_WARN_EMPTY_BODY = YES;
				CLANG_WARN_ENUM_CONVERSION = YES;
				CLANG_WARN_INFINITE_RECURSION = YES;
				CLANG_WARN_INT_CONVERSION = YES;
				CLANG_WARN_NON_LITERAL_NULL_CONVERSION = YES;
				CLANG_WARN_OBJC_IMPLICIT_RETAIN_SELF = YES;
				CLANG_WARN_OBJC_LITERAL_CONVERSION = YES;
				CLANG_WARN_OBJC_ROOT_CLASS = YES_ERROR;
				CLANG_WARN_RANGE_LOOP_ANALYSIS = YES;
				CLANG_WARN_STRICT_PROTOTYPES = YES;
				CLANG_WARN_SUSPICIOUS_MOVE = YES;
				CLANG_WARN_UNGUARDED_AVAILABILITY = YES_AGGRESSIVE;
				CLANG_WARN_UNREACHABLE_CODE = YES;
				CLANG_WARN__DUPLICATE_METHOD_MATCH = YES;
				CODE_SIGN_IDENTITY = "iPhone Developer";
				COPY_PHASE_STRIP = NO;
				DEBUG_INFORMATION_FORMAT = "dwarf-with-dsym";
				ENABLE_NS_ASSERTIONS = NO;
				ENABLE_STRICT_OBJC_MSGSEND = YES;
				GCC_C_LANGUAGE_STANDARD = gnu11;
				GCC_NO_COMMON_BLOCKS = YES;
				GCC_WARN_64_TO_32_BIT_CONVERSION = YES;
				GCC_WARN_ABOUT_RETURN_TYPE = YES_ERROR;
				GCC_WARN_UNDECLARED_SELECTOR = YES;
				GCC_WARN_UNINITIALIZED_AUTOS = YES_AGGRESSIVE;
				GCC_WARN_UNUSED_FUNCTION = YES;
				GCC_WARN_UNUSED_VARIABLE = YES;
				IPHONEOS_DEPLOYMENT_TARGET = 11.4;
				MTL_ENABLE_DEBUG_INFO = NO;
				SDKROOT = iphoneos;
				VALIDATE_PRODUCT = YES;
			};
			name = Release;
		};
		550777F020DE49F30011D5A0 /* Debug */ = {
			isa = XCBuildConfiguration;
			buildSettings = {
				ASSETCATALOG_COMPILER_APPICON_NAME = AppIcon;
				CODE_SIGN_STYLE = Automatic;
				INFOPLIST_FILE = test/Info.plist;
				LD_RUNPATH_SEARCH_PATHS = (
					"$(inherited)",
					"@executable_path/Frameworks",
				);
				PRODUCT_BUNDLE_IDENTIFIER = qwqw.test;
				PRODUCT_NAME = "$(TARGET_NAME)";
				TARGETED_DEVICE_FAMILY = "1,2";
			};
			name = Debug;
		};
		550777F120DE49F30011D5A0 /* Release */ = {
			isa = XCBuildConfiguration;
			buildSettings = {
				ASSETCATALOG_COMPILER_APPICON_NAME = AppIcon;
				CODE_SIGN_STYLE = Automatic;
				INFOPLIST_FILE = test/Info.plist;
				LD_RUNPATH_SEARCH_PATHS = (
					"$(inherited)",
					"@executable_path/Frameworks",
				);
				PRODUCT_BUNDLE_IDENTIFIER = qwqw.test;
				PRODUCT_NAME = "$(TARGET_NAME)";
				TARGETED_DEVICE_FAMILY = "1,2";
			};
			name = Release;
		};
		550777F320DE49F30011D5A0 /* Debug */ = {
			isa = XCBuildConfiguration;
			buildSettings = {
				BUNDLE_LOADER = "$(TEST_HOST)";
				CODE_SIGN_STYLE = Automatic;
				INFOPLIST_FILE = testTests/Info.plist;
				LD_RUNPATH_SEARCH_PATHS = (
					"$(inherited)",
					"@executable_path/Frameworks",
					"@loader_path/Frameworks",
				);
				PRODUCT_BUNDLE_IDENTIFIER = qwqw.testTests;
				PRODUCT_NAME = "$(TARGET_NAME)";
				TARGETED_DEVICE_FAMILY = "1,2";
				TEST_HOST = "$(BUILT_PRODUCTS_DIR)/test.app/test";
			};
			name = Debug;
		};
		550777F420DE49F30011D5A0 /* Release */ = {
			isa = XCBuildConfiguration;
			buildSettings = {
				BUNDLE_LOADER = "$(TEST_HOST)";
				CODE_SIGN_STYLE = Automatic;
				INFOPLIST_FILE = testTests/Info.plist;
				LD_RUNPATH_SEARCH_PATHS = (
					"$(inherited)",
					"@executable_path/Frameworks",
					"@loader_path/Frameworks",
				);
				PRODUCT_BUNDLE_IDENTIFIER = qwqw.testTests;
				PRODUCT_NAME = "$(TARGET_NAME)";
				TARGETED_DEVICE_FAMILY = "1,2";
				TEST_HOST = "$(BUILT_PRODUCTS_DIR)/test.app/test";
			};
			name = Release;
		};
		550777F620DE49F30011D5A0 /* Debug */ = {
			isa = XCBuildConfiguration;
			buildSettings = {
				CODE_SIGN_STYLE = Automatic;
				INFOPLIST_FILE = testUITests/Info.plist;
				LD_RUNPATH_SEARCH_PATHS = (
					"$(inherited)",
					"@executable_path/Frameworks",
					"@loader_path/Frameworks",
				);
				PRODUCT_BUNDLE_IDENTIFIER = qwqw.testUITests;
				PRODUCT_NAME = "$(TARGET_NAME)";
				TARGETED_DEVICE_FAMILY = "1,2";
				TEST_TARGET_NAME = test;
			};
			name = Debug;
		};
		550777F720DE49F30011D5A0 /* Release */ = {
			isa = XCBuildConfiguration;
			buildSettings = {
				CODE_SIGN_STYLE = Automatic;
				INFOPLIST_FILE = testUITests/Info.plist;
				LD_RUNPATH_SEARCH_PATHS = (
					"$(inherited)",
					"@executable_path/Frameworks",
					"@loader_path/Frameworks",
				);
				PRODUCT_BUNDLE_IDENTIFIER = qwqw.testUITests;
				PRODUCT_NAME = "$(TARGET_NAME)";
				TARGETED_DEVICE_FAMILY = "1,2";
				TEST_TARGET_NAME = test;
			};
			name = Release;
		};
/* End XCBuildConfiguration section */

/* Begin XCConfigurationList section */
		550777BE20DE49F10011D5A0 /* Build configuration list for PBXProject "test" */ = {
			isa = XCConfigurationList;
			buildConfigurations = (
				550777ED20DE49F30011D5A0 /* Debug */,
				550777EE20DE49F30011D5A0 /* Release */,
			);
			defaultConfigurationIsVisible = 0;
			defaultConfigurationName = Release;
		};
		550777EF20DE49F30011D5A0 /* Build configuration list for PBXNativeTarget "test" */ = {
			isa = XCConfigurationList;
			buildConfigurations = (
				550777F020DE49F30011D5A0 /* Debug */,
				550777F120DE49F30011D5A0 /* Release */,
			);
			defaultConfigurationIsVisible = 0;
			defaultConfigurationName = Release;
		};
		550777F220DE49F30011D5A0 /* Build configuration list for PBXNativeTarget "testTests" */ = {
			isa = XCConfigurationList;
			buildConfigurations = (
				550777F320DE49F30011D5A0 /* Debug */,
				550777F420DE49F30011D5A0 /* Release */,
			);
			defaultConfigurationIsVisible = 0;
			defaultConfigurationName = Release;
		};
		550777F520DE49F30011D5A0 /* Build configuration list for PBXNativeTarget "testUITests" */ = {
			isa = XCConfigurationList;
			buildConfigurations = (
				550777F620DE49F30011D5A0 /* Debug */,
				550777F720DE49F30011D5A0 /* Release */,
			);
			defaultConfigurationIsVisible = 0;
			defaultConfigurationName = Release;
		};
/* End XCConfigurationList section */
	};
	rootObject = 550777BB20DE49F10011D5A0 /* Project object */;
}
